
Microsoft Visual Studio Solution File, Format Version 12.00
# Visual Studio Version 16
VisualStudioVersion = 16.0.31729.503
MinimumVisualStudioVersion = 10.0.40219.1
Project("{9A19103F-16F7-4668-BE54-9A1E7A4F7556}") = "DataSecurityAPI", "DataSecurityAPI.csproj", "{A03B3E83-9D0D-4CA8-80EE-E0EFE405C016}"
EndProject
Global
	GlobalSection(SolutionConfigurationPlatforms) = preSolution
		Debug|Any CPU = Debug|Any CPU
		Release|Any CPU = Release|Any CPU
	EndGlobalSection
	GlobalSection(ProjectConfigurationPlatforms) = postSolution
		{A03B3E83-9D0D-4CA8-80EE-E0EFE405C016}.Debug|Any CPU.ActiveCfg = Debug|Any CPU
		{A03B3E83-9D0D-4CA8-80EE-E0EFE405C016}.Debug|Any CPU.Build.0 = Debug|Any CPU
		{A03B3E83-9D0D-4CA8-80EE-E0EFE405C016}.Release|Any CPU.ActiveCfg = Release|Any CPU
		{A03B3E83-9D0D-4CA8-80EE-E0EFE405C016}.Release|Any CPU.Build.0 = Release|Any CPU
	EndGlobalSection
	GlobalSection(SolutionProperties) = preSolution
		HideSolutionNode = FALSE
	EndGlobalSection
	GlobalSection(ExtensibilityGlobals) = postSolution
		SolutionGuid = {CC209D0F-0272-4F0E-B69F-DEFA2EDE90AD}
	EndGlobalSection
EndGlobal
